PODS:
  - AFNetworking (4.0.1):
    - AFNetworking/NSURLSession (= 4.0.1)
    - AFNetworking/Reachability (= 4.0.1)
    - AFNetworking/Security (= 4.0.1)
    - AFNetworking/Serialization (= 4.0.1)
    - AFNetworking/UIKit (= 4.0.1)
  - AFNetworking/NSURLSession (4.0.1):
    - AFNetworking/Reachability
    - AFNetworking/Security
    - AFNetworking/Serialization
  - AFNetworking/Reachability (4.0.1)
  - AFNetworking/Security (4.0.1)
  - AFNetworking/Serialization (4.0.1)
  - AFNetworking/UIKit (4.0.1):
    - AFNetworking/NSURLSession
  - HXPhotoPicker (3.2.7):
    - HXPhotoPicker/Default (= 3.2.7)
  - HXPhotoPicker/Default (3.2.7)
  - IQKeyboardManager (6.5.6)
  - SDWebImage (5.10.0):
    - SDWebImage/Core (= 5.10.0)
  - SDWebImage/Core (5.10.0)

DEPENDENCIES:
  - AFNetworking (= 4.0.1)
  - HXPhotoPicker (= 3.2.7)
  - IQKeyboardManager (= 6.5.6)
  - SDWebImage (= 5.10.0)

SPEC REPOS:
  trunk:
    - AFNetworking
    - HXPhotoPicker
    - IQKeyboardManager
    - SDWebImage

SPEC CHECKSUMS:
  AFNetworking: 7864c38297c79aaca1500c33288e429c3451fdce
  HXPhotoPicker: 472f8f0c8dc0dc70534dc630b7e20fe09b342e02
  IQKeyboardManager: 2a6e97afdafc7becf0cb17a9a8d795e3a980717f
  SDWebImage: 9169792e9eec3e45bba2a0c02f74bf8bd922d1ee

PODFILE CHECKSUM: a3d3bb38a9b69a17162467d69f04cce02468f299

COCOAPODS: 1.10.0
