// !$*UTF8*$!
{
	archiveVersion = 1;
	classes = {
	};
	objectVersion = 51;
	objects = {

/* Begin PBXBuildFile section */
		CCA9EAB9A4A0D22642BE02BB /* libPods-JhForm.a in Frameworks */ = {isa = PBXBuildFile; fileRef = 84EF8F0358CFF25CFD6D5F27 /* libPods-JhForm.a */; };
		E93D3F7F21E58DD9003DC702 /* AppDelegate.m in Sources */ = {isa = PBXBuildFile; fileRef = E93D3F7E21E58DD9003DC702 /* AppDelegate.m */; };
		E93D3F8521E58DD9003DC702 /* Main.storyboard in Resources */ = {isa = PBXBuildFile; fileRef = E93D3F8321E58DD9003DC702 /* Main.storyboard */; };
		E93D3F8721E58DDB003DC702 /* Assets.xcassets in Resources */ = {isa = PBXBuildFile; fileRef = E93D3F8621E58DDB003DC702 /* Assets.xcassets */; };
		E93D3F8A21E58DDB003DC702 /* LaunchScreen.storyboard in Resources */ = {isa = PBXBuildFile; fileRef = E93D3F8821E58DDB003DC702 /* LaunchScreen.storyboard */; };
		E93D3F8D21E58DDB003DC702 /* main.m in Sources */ = {isa = PBXBuildFile; fileRef = E93D3F8C21E58DDB003DC702 /* main.m */; };
		E93D3F9721E58DDB003DC702 /* JhFormTests.m in Sources */ = {isa = PBXBuildFile; fileRef = E93D3F9621E58DDB003DC702 /* JhFormTests.m */; };
		E93D3FA221E58DDB003DC702 /* JhFormUITests.m in Sources */ = {isa = PBXBuildFile; fileRef = E93D3FA121E58DDB003DC702 /* JhFormUITests.m */; };
		ED88AFCF25809C2A004502BF /* FormDemo7VC.m in Sources */ = {isa = PBXBuildFile; fileRef = ED88AF7125809C2A004502BF /* FormDemo7VC.m */; };
		ED88AFD025809C2A004502BF /* FormDemo6VC.m in Sources */ = {isa = PBXBuildFile; fileRef = ED88AF7225809C2A004502BF /* FormDemo6VC.m */; };
		ED88AFD125809C2A004502BF /* FormDemo10VC.m in Sources */ = {isa = PBXBuildFile; fileRef = ED88AF7425809C2A004502BF /* FormDemo10VC.m */; };
		ED88AFD225809C2A004502BF /* CustumModel.m in Sources */ = {isa = PBXBuildFile; fileRef = ED88AF7725809C2A004502BF /* CustumModel.m */; };
		ED88AFD325809C2A004502BF /* CustumCell.m in Sources */ = {isa = PBXBuildFile; fileRef = ED88AF7925809C2A004502BF /* CustumCell.m */; };
		ED88AFD425809C2A004502BF /* CustumCell.xib in Resources */ = {isa = PBXBuildFile; fileRef = ED88AF7A25809C2A004502BF /* CustumCell.xib */; };
		ED88AFD525809C2A004502BF /* FormDemo4VC.m in Sources */ = {isa = PBXBuildFile; fileRef = ED88AF7B25809C2A004502BF /* FormDemo4VC.m */; };
		ED88AFD625809C2A004502BF /* FormDemo5VC.m in Sources */ = {isa = PBXBuildFile; fileRef = ED88AF7C25809C2A004502BF /* FormDemo5VC.m */; };
		ED88AFD725809C2A004502BF /* FormDemo1VC.m in Sources */ = {isa = PBXBuildFile; fileRef = ED88AF7D25809C2A004502BF /* FormDemo1VC.m */; };
		ED88AFD825809C2A004502BF /* FormDemo2VC.m in Sources */ = {isa = PBXBuildFile; fileRef = ED88AF7E25809C2A004502BF /* FormDemo2VC.m */; };
		ED88AFD925809C2A004502BF /* FormDemo3VC.m in Sources */ = {isa = PBXBuildFile; fileRef = ED88AF7F25809C2A004502BF /* FormDemo3VC.m */; };
		ED88AFDA25809C2A004502BF /* ViewController.m in Sources */ = {isa = PBXBuildFile; fileRef = ED88AF8025809C2A004502BF /* ViewController.m */; };
		ED88AFDB25809C2A004502BF /* FormDemo8VC.m in Sources */ = {isa = PBXBuildFile; fileRef = ED88AF8A25809C2A004502BF /* FormDemo8VC.m */; };
		ED88AFDC25809C2A004502BF /* FooterCell.m in Sources */ = {isa = PBXBuildFile; fileRef = ED88AF8F25809C2A004502BF /* FooterCell.m */; };
		ED88AFDD25809C2A004502BF /* JhBaseHeaderView.xib in Resources */ = {isa = PBXBuildFile; fileRef = ED88AF9025809C2A004502BF /* JhBaseHeaderView.xib */; };
		ED88AFDE25809C2A004502BF /* FooterCell.xib in Resources */ = {isa = PBXBuildFile; fileRef = ED88AF9125809C2A004502BF /* FooterCell.xib */; };
		ED88AFE125809C2A004502BF /* JhBaseHeaderView.m in Sources */ = {isa = PBXBuildFile; fileRef = ED88AF9425809C2A004502BF /* JhBaseHeaderView.m */; };
		ED88AFE225809C2A004502BF /* FormDemo9VC.m in Sources */ = {isa = PBXBuildFile; fileRef = ED88AF9525809C2A004502BF /* FormDemo9VC.m */; };
		ED88B04125809D39004502BF /* JhFormTableViewVC.m in Sources */ = {isa = PBXBuildFile; fileRef = ED88B00A25809D39004502BF /* JhFormTableViewVC.m */; };
		ED88B04225809D39004502BF /* NSString+JhForm.m in Sources */ = {isa = PBXBuildFile; fileRef = ED88B00D25809D39004502BF /* NSString+JhForm.m */; };
		ED88B04325809D39004502BF /* UIColor+JhDarkColor.m in Sources */ = {isa = PBXBuildFile; fileRef = ED88B00F25809D39004502BF /* UIColor+JhDarkColor.m */; };
		ED88B04425809D39004502BF /* UIView+JhView.m in Sources */ = {isa = PBXBuildFile; fileRef = ED88B01225809D39004502BF /* UIView+JhView.m */; };
		ED88B04525809D39004502BF /* UIImage+JhFormImage.m in Sources */ = {isa = PBXBuildFile; fileRef = ED88B01425809D39004502BF /* UIImage+JhFormImage.m */; };
		ED88B04625809D39004502BF /* UIBarButtonItem+JhForm.m in Sources */ = {isa = PBXBuildFile; fileRef = ED88B01525809D39004502BF /* UIBarButtonItem+JhForm.m */; };
		ED88B04725809D39004502BF /* JhFormCellModel.m in Sources */ = {isa = PBXBuildFile; fileRef = ED88B01725809D39004502BF /* JhFormCellModel.m */; };
		ED88B04825809D39004502BF /* JhFormSectionModel.m in Sources */ = {isa = PBXBuildFile; fileRef = ED88B01A25809D39004502BF /* JhFormSectionModel.m */; };
		ED88B04925809D39004502BF /* JhTextView.m in Sources */ = {isa = PBXBuildFile; fileRef = ED88B01E25809D39004502BF /* JhTextView.m */; };
		ED88B04A25809D39004502BF /* JhFormTableView.m in Sources */ = {isa = PBXBuildFile; fileRef = ED88B01F25809D39004502BF /* JhFormTableView.m */; };
		ED88B04B25809D39004502BF /* JhFormTextViewInputCell.m in Sources */ = {isa = PBXBuildFile; fileRef = ED88B02325809D39004502BF /* JhFormTextViewInputCell.m */; };
		ED88B04C25809D39004502BF /* JhFormSwitchBtnCell.m in Sources */ = {isa = PBXBuildFile; fileRef = ED88B02825809D39004502BF /* JhFormSwitchBtnCell.m */; };
		ED88B04D25809D39004502BF /* JhFormInputCell.m in Sources */ = {isa = PBXBuildFile; fileRef = ED88B02925809D39004502BF /* JhFormInputCell.m */; };
		ED88B04E25809D39004502BF /* JhFormPwdCell.m in Sources */ = {isa = PBXBuildFile; fileRef = ED88B02A25809D39004502BF /* JhFormPwdCell.m */; };
		ED88B04F25809D3A004502BF /* JhFormCustumALLViewCell.m in Sources */ = {isa = PBXBuildFile; fileRef = ED88B02B25809D39004502BF /* JhFormCustumALLViewCell.m */; };
		ED88B05025809D3A004502BF /* JhFormSelectCell.m in Sources */ = {isa = PBXBuildFile; fileRef = ED88B02C25809D39004502BF /* JhFormSelectCell.m */; };
		ED88B05125809D3A004502BF /* JhFormCustumRightCell.m in Sources */ = {isa = PBXBuildFile; fileRef = ED88B02E25809D39004502BF /* JhFormCustumRightCell.m */; };
		ED88B05225809D3A004502BF /* JhFormBaseCell.m in Sources */ = {isa = PBXBuildFile; fileRef = ED88B02F25809D39004502BF /* JhFormBaseCell.m */; };
		ED88B05325809D3A004502BF /* JhFormSelectImageCell.m in Sources */ = {isa = PBXBuildFile; fileRef = ED88B03025809D39004502BF /* JhFormSelectImageCell.m */; };
		ED88B05425809D3A004502BF /* JhFormCenterTextCell.m in Sources */ = {isa = PBXBuildFile; fileRef = ED88B03325809D39004502BF /* JhFormCenterTextCell.m */; };
		ED88B05525809D3A004502BF /* JhFormSelectBtnCell.m in Sources */ = {isa = PBXBuildFile; fileRef = ED88B03425809D39004502BF /* JhFormSelectBtnCell.m */; };
		ED88B05625809D3A004502BF /* JhFormCustumBottomCell.m in Sources */ = {isa = PBXBuildFile; fileRef = ED88B03525809D39004502BF /* JhFormCustumBottomCell.m */; };
		ED88B05725809D3A004502BF /* JhForm.bundle in Resources */ = {isa = PBXBuildFile; fileRef = ED88B03925809D39004502BF /* JhForm.bundle */; };
		ED88B05825809D3A004502BF /* JhFormConst.m in Sources */ = {isa = PBXBuildFile; fileRef = ED88B03D25809D39004502BF /* JhFormConst.m */; };
		ED88B05925809D3A004502BF /* JhFormHandler.m in Sources */ = {isa = PBXBuildFile; fileRef = ED88B04025809D39004502BF /* JhFormHandler.m */; };
		ED88B0872580AE9D004502BF /* demo6.jpg in Resources */ = {isa = PBXBuildFile; fileRef = ED88B07C2580AE9D004502BF /* demo6.jpg */; };
		ED88B0882580AE9D004502BF /* demo7.jpg in Resources */ = {isa = PBXBuildFile; fileRef = ED88B07D2580AE9D004502BF /* demo7.jpg */; };
		ED88B0892580AE9D004502BF /* demo4.jpg in Resources */ = {isa = PBXBuildFile; fileRef = ED88B07E2580AE9D004502BF /* demo4.jpg */; };
		ED88B08A2580AE9D004502BF /* demo1_dark.jpg in Resources */ = {isa = PBXBuildFile; fileRef = ED88B07F2580AE9D004502BF /* demo1_dark.jpg */; };
		ED88B08B2580AE9D004502BF /* demo3.jpg in Resources */ = {isa = PBXBuildFile; fileRef = ED88B0802580AE9D004502BF /* demo3.jpg */; };
		ED88B08C2580AE9D004502BF /* demo5.gif in Resources */ = {isa = PBXBuildFile; fileRef = ED88B0812580AE9D004502BF /* demo5.gif */; };
		ED88B08D2580AE9D004502BF /* demo10.jpg in Resources */ = {isa = PBXBuildFile; fileRef = ED88B0822580AE9D004502BF /* demo10.jpg */; };
		ED88B08E2580AE9D004502BF /* demo1.gif in Resources */ = {isa = PBXBuildFile; fileRef = ED88B0832580AE9D004502BF /* demo1.gif */; };
		ED88B08F2580AE9D004502BF /* demo2.gif in Resources */ = {isa = PBXBuildFile; fileRef = ED88B0842580AE9D004502BF /* demo2.gif */; };
		ED88B0902580AE9D004502BF /* demo9.jpg in Resources */ = {isa = PBXBuildFile; fileRef = ED88B0852580AE9D004502BF /* demo9.jpg */; };
		ED88B0912580AE9D004502BF /* demo8.jpg in Resources */ = {isa = PBXBuildFile; fileRef = ED88B0862580AE9D004502BF /* demo8.jpg */; };
/* End PBXBuildFile section */

/* Begin PBXContainerItemProxy section */
		E93D3F9321E58DDB003DC702 /* PBXContainerItemProxy */ = {
			isa = PBXContainerItemProxy;
			containerPortal = E93D3F7221E58DD9003DC702 /* Project object */;
			proxyType = 1;
			remoteGlobalIDString = E93D3F7921E58DD9003DC702;
			remoteInfo = JhForm;
		};
		E93D3F9E21E58DDB003DC702 /* PBXContainerItemProxy */ = {
			isa = PBXContainerItemProxy;
			containerPortal = E93D3F7221E58DD9003DC702 /* Project object */;
			proxyType = 1;
			remoteGlobalIDString = E93D3F7921E58DD9003DC702;
			remoteInfo = JhForm;
		};
/* End PBXContainerItemProxy section */

/* Begin PBXFileReference section */
		5539308862BE5E6CF28DF968 /* Pods-JhForm.release.xcconfig */ = {isa = PBXFileReference; includeInIndex = 1; lastKnownFileType = text.xcconfig; name = "Pods-JhForm.release.xcconfig"; path = "Target Support Files/Pods-JhForm/Pods-JhForm.release.xcconfig"; sourceTree = "<group>"; };
		84EF8F0358CFF25CFD6D5F27 /* libPods-JhForm.a */ = {isa = PBXFileReference; explicitFileType = archive.ar; includeInIndex = 0; path = "libPods-JhForm.a"; sourceTree = BUILT_PRODUCTS_DIR; };
		E33A79EC62337C1B8937A376 /* Pods-JhForm.debug.xcconfig */ = {isa = PBXFileReference; includeInIndex = 1; lastKnownFileType = text.xcconfig; name = "Pods-JhForm.debug.xcconfig"; path = "Target Support Files/Pods-JhForm/Pods-JhForm.debug.xcconfig"; sourceTree = "<group>"; };
		E93D3F7A21E58DD9003DC702 /* JhForm.app */ = {isa = PBXFileReference; explicitFileType = wrapper.application; includeInIndex = 0; path = JhForm.app; sourceTree = BUILT_PRODUCTS_DIR; };
		E93D3F7D21E58DD9003DC702 /* AppDelegate.h */ = {isa = PBXFileReference; lastKnownFileType = sourcecode.c.h; path = AppDelegate.h; sourceTree = "<group>"; };
		E93D3F7E21E58DD9003DC702 /* AppDelegate.m */ = {isa = PBXFileReference; lastKnownFileType = sourcecode.c.objc; path = AppDelegate.m; sourceTree = "<group>"; };
		E93D3F8421E58DD9003DC702 /* Base */ = {isa = PBXFileReference; lastKnownFileType = file.storyboard; name = Base; path = Base.lproj/Main.storyboard; sourceTree = "<group>"; };
		E93D3F8621E58DDB003DC702 /* Assets.xcassets */ = {isa = PBXFileReference; lastKnownFileType = folder.assetcatalog; path = Assets.xcassets; sourceTree = "<group>"; };
		E93D3F8921E58DDB003DC702 /* Base */ = {isa = PBXFileReference; lastKnownFileType = file.storyboard; name = Base; path = Base.lproj/LaunchScreen.storyboard; sourceTree = "<group>"; };
		E93D3F8B21E58DDB003DC702 /* Info.plist */ = {isa = PBXFileReference; lastKnownFileType = text.plist.xml; path = Info.plist; sourceTree = "<group>"; };
		E93D3F8C21E58DDB003DC702 /* main.m */ = {isa = PBXFileReference; lastKnownFileType = sourcecode.c.objc; path = main.m; sourceTree = "<group>"; };
		E93D3F9221E58DDB003DC702 /* JhFormTests.xctest */ = {isa = PBXFileReference; explicitFileType = wrapper.cfbundle; includeInIndex = 0; path = JhFormTests.xctest; sourceTree = BUILT_PRODUCTS_DIR; };
		E93D3F9621E58DDB003DC702 /* JhFormTests.m */ = {isa = PBXFileReference; lastKnownFileType = sourcecode.c.objc; path = JhFormTests.m; sourceTree = "<group>"; };
		E93D3F9821E58DDB003DC702 /* Info.plist */ = {isa = PBXFileReference; lastKnownFileType = text.plist.xml; path = Info.plist; sourceTree = "<group>"; };
		E93D3F9D21E58DDB003DC702 /* JhFormUITests.xctest */ = {isa = PBXFileReference; explicitFileType = wrapper.cfbundle; includeInIndex = 0; path = JhFormUITests.xctest; sourceTree = BUILT_PRODUCTS_DIR; };
		E93D3FA121E58DDB003DC702 /* JhFormUITests.m */ = {isa = PBXFileReference; lastKnownFileType = sourcecode.c.objc; path = JhFormUITests.m; sourceTree = "<group>"; };
		E93D3FA321E58DDB003DC702 /* Info.plist */ = {isa = PBXFileReference; lastKnownFileType = text.plist.xml; path = Info.plist; sourceTree = "<group>"; };
		ED88AF7125809C2A004502BF /* FormDemo7VC.m */ = {isa = PBXFileReference; fileEncoding = 4; lastKnownFileType = sourcecode.c.objc; path = FormDemo7VC.m; sourceTree = "<group>"; };
		ED88AF7225809C2A004502BF /* FormDemo6VC.m */ = {isa = PBXFileReference; fileEncoding = 4; lastKnownFileType = sourcecode.c.objc; path = FormDemo6VC.m; sourceTree = "<group>"; };
		ED88AF7425809C2A004502BF /* FormDemo10VC.m */ = {isa = PBXFileReference; fileEncoding = 4; lastKnownFileType = sourcecode.c.objc; path = FormDemo10VC.m; sourceTree = "<group>"; };
		ED88AF7525809C2A004502BF /* CustumModel.h */ = {isa = PBXFileReference; fileEncoding = 4; lastKnownFileType = sourcecode.c.h; path = CustumModel.h; sourceTree = "<group>"; };
		ED88AF7625809C2A004502BF /* CustumCell.h */ = {isa = PBXFileReference; fileEncoding = 4; lastKnownFileType = sourcecode.c.h; path = CustumCell.h; sourceTree = "<group>"; };
		ED88AF7725809C2A004502BF /* CustumModel.m */ = {isa = PBXFileReference; fileEncoding = 4; lastKnownFileType = sourcecode.c.objc; path = CustumModel.m; sourceTree = "<group>"; };
		ED88AF7825809C2A004502BF /* FormDemo10VC.h */ = {isa = PBXFileReference; fileEncoding = 4; lastKnownFileType = sourcecode.c.h; path = FormDemo10VC.h; sourceTree = "<group>"; };
		ED88AF7925809C2A004502BF /* CustumCell.m */ = {isa = PBXFileReference; fileEncoding = 4; lastKnownFileType = sourcecode.c.objc; path = CustumCell.m; sourceTree = "<group>"; };
		ED88AF7A25809C2A004502BF /* CustumCell.xib */ = {isa = PBXFileReference; fileEncoding = 4; lastKnownFileType = file.xib; path = CustumCell.xib; sourceTree = "<group>"; };
		ED88AF7B25809C2A004502BF /* FormDemo4VC.m */ = {isa = PBXFileReference; fileEncoding = 4; lastKnownFileType = sourcecode.c.objc; path = FormDemo4VC.m; sourceTree = "<group>"; };
		ED88AF7C25809C2A004502BF /* FormDemo5VC.m */ = {isa = PBXFileReference; fileEncoding = 4; lastKnownFileType = sourcecode.c.objc; path = FormDemo5VC.m; sourceTree = "<group>"; };
		ED88AF7D25809C2A004502BF /* FormDemo1VC.m */ = {isa = PBXFileReference; fileEncoding = 4; lastKnownFileType = sourcecode.c.objc; path = FormDemo1VC.m; sourceTree = "<group>"; };
		ED88AF7E25809C2A004502BF /* FormDemo2VC.m */ = {isa = PBXFileReference; fileEncoding = 4; lastKnownFileType = sourcecode.c.objc; path = FormDemo2VC.m; sourceTree = "<group>"; };
		ED88AF7F25809C2A004502BF /* FormDemo3VC.m */ = {isa = PBXFileReference; fileEncoding = 4; lastKnownFileType = sourcecode.c.objc; path = FormDemo3VC.m; sourceTree = "<group>"; };
		ED88AF8025809C2A004502BF /* ViewController.m */ = {isa = PBXFileReference; fileEncoding = 4; lastKnownFileType = sourcecode.c.objc; path = ViewController.m; sourceTree = "<group>"; };
		ED88AF8125809C2A004502BF /* FormDemo9VC.h */ = {isa = PBXFileReference; fileEncoding = 4; lastKnownFileType = sourcecode.c.h; path = FormDemo9VC.h; sourceTree = "<group>"; };
		ED88AF8225809C2A004502BF /* FormDemo8VC.h */ = {isa = PBXFileReference; fileEncoding = 4; lastKnownFileType = sourcecode.c.h; path = FormDemo8VC.h; sourceTree = "<group>"; };
		ED88AF8325809C2A004502BF /* FormDemo5VC.h */ = {isa = PBXFileReference; fileEncoding = 4; lastKnownFileType = sourcecode.c.h; path = FormDemo5VC.h; sourceTree = "<group>"; };
		ED88AF8425809C2A004502BF /* FormDemo4VC.h */ = {isa = PBXFileReference; fileEncoding = 4; lastKnownFileType = sourcecode.c.h; path = FormDemo4VC.h; sourceTree = "<group>"; };
		ED88AF8525809C2A004502BF /* FormDemo6VC.h */ = {isa = PBXFileReference; fileEncoding = 4; lastKnownFileType = sourcecode.c.h; path = FormDemo6VC.h; sourceTree = "<group>"; };
		ED88AF8625809C2A004502BF /* FormDemo7VC.h */ = {isa = PBXFileReference; fileEncoding = 4; lastKnownFileType = sourcecode.c.h; path = FormDemo7VC.h; sourceTree = "<group>"; };
		ED88AF8725809C2A004502BF /* FormDemo3VC.h */ = {isa = PBXFileReference; fileEncoding = 4; lastKnownFileType = sourcecode.c.h; path = FormDemo3VC.h; sourceTree = "<group>"; };
		ED88AF8825809C2A004502BF /* FormDemo2VC.h */ = {isa = PBXFileReference; fileEncoding = 4; lastKnownFileType = sourcecode.c.h; path = FormDemo2VC.h; sourceTree = "<group>"; };
		ED88AF8925809C2A004502BF /* FormDemo1VC.h */ = {isa = PBXFileReference; fileEncoding = 4; lastKnownFileType = sourcecode.c.h; path = FormDemo1VC.h; sourceTree = "<group>"; };
		ED88AF8A25809C2A004502BF /* FormDemo8VC.m */ = {isa = PBXFileReference; fileEncoding = 4; lastKnownFileType = sourcecode.c.objc; path = FormDemo8VC.m; sourceTree = "<group>"; };
		ED88AF8C25809C2A004502BF /* FooterCell.h */ = {isa = PBXFileReference; fileEncoding = 4; lastKnownFileType = sourcecode.c.h; path = FooterCell.h; sourceTree = "<group>"; };
		ED88AF8D25809C2A004502BF /* JhBaseHeaderView.h */ = {isa = PBXFileReference; fileEncoding = 4; lastKnownFileType = sourcecode.c.h; path = JhBaseHeaderView.h; sourceTree = "<group>"; };
		ED88AF8F25809C2A004502BF /* FooterCell.m */ = {isa = PBXFileReference; fileEncoding = 4; lastKnownFileType = sourcecode.c.objc; path = FooterCell.m; sourceTree = "<group>"; };
		ED88AF9025809C2A004502BF /* JhBaseHeaderView.xib */ = {isa = PBXFileReference; fileEncoding = 4; lastKnownFileType = file.xib; path = JhBaseHeaderView.xib; sourceTree = "<group>"; };
		ED88AF9125809C2A004502BF /* FooterCell.xib */ = {isa = PBXFileReference; fileEncoding = 4; lastKnownFileType = file.xib; path = FooterCell.xib; sourceTree = "<group>"; };
		ED88AF9425809C2A004502BF /* JhBaseHeaderView.m */ = {isa = PBXFileReference; fileEncoding = 4; lastKnownFileType = sourcecode.c.objc; path = JhBaseHeaderView.m; sourceTree = "<group>"; };
		ED88AF9525809C2A004502BF /* FormDemo9VC.m */ = {isa = PBXFileReference; fileEncoding = 4; lastKnownFileType = sourcecode.c.objc; path = FormDemo9VC.m; sourceTree = "<group>"; };
		ED88AF9625809C2A004502BF /* ViewController.h */ = {isa = PBXFileReference; fileEncoding = 4; lastKnownFileType = sourcecode.c.h; path = ViewController.h; sourceTree = "<group>"; };
		ED88B00A25809D39004502BF /* JhFormTableViewVC.m */ = {isa = PBXFileReference; fileEncoding = 4; lastKnownFileType = sourcecode.c.objc; path = JhFormTableViewVC.m; sourceTree = "<group>"; };
		ED88B00C25809D39004502BF /* UIImage+JhFormImage.h */ = {isa = PBXFileReference; fileEncoding = 4; lastKnownFileType = sourcecode.c.h; path = "UIImage+JhFormImage.h"; sourceTree = "<group>"; };
		ED88B00D25809D39004502BF /* NSString+JhForm.m */ = {isa = PBXFileReference; fileEncoding = 4; lastKnownFileType = sourcecode.c.objc; path = "NSString+JhForm.m"; sourceTree = "<group>"; };
		ED88B00E25809D39004502BF /* UIView+JhView.h */ = {isa = PBXFileReference; fileEncoding = 4; lastKnownFileType = sourcecode.c.h; path = "UIView+JhView.h"; sourceTree = "<group>"; };
		ED88B00F25809D39004502BF /* UIColor+JhDarkColor.m */ = {isa = PBXFileReference; fileEncoding = 4; lastKnownFileType = sourcecode.c.objc; path = "UIColor+JhDarkColor.m"; sourceTree = "<group>"; };
		ED88B01025809D39004502BF /* UIBarButtonItem+JhForm.h */ = {isa = PBXFileReference; fileEncoding = 4; lastKnownFileType = sourcecode.c.h; path = "UIBarButtonItem+JhForm.h"; sourceTree = "<group>"; };
		ED88B01125809D39004502BF /* UIColor+JhDarkColor.h */ = {isa = PBXFileReference; fileEncoding = 4; lastKnownFileType = sourcecode.c.h; path = "UIColor+JhDarkColor.h"; sourceTree = "<group>"; };
		ED88B01225809D39004502BF /* UIView+JhView.m */ = {isa = PBXFileReference; fileEncoding = 4; lastKnownFileType = sourcecode.c.objc; path = "UIView+JhView.m"; sourceTree = "<group>"; };
		ED88B01325809D39004502BF /* NSString+JhForm.h */ = {isa = PBXFileReference; fileEncoding = 4; lastKnownFileType = sourcecode.c.h; path = "NSString+JhForm.h"; sourceTree = "<group>"; };
		ED88B01425809D39004502BF /* UIImage+JhFormImage.m */ = {isa = PBXFileReference; fileEncoding = 4; lastKnownFileType = sourcecode.c.objc; path = "UIImage+JhFormImage.m"; sourceTree = "<group>"; };
		ED88B01525809D39004502BF /* UIBarButtonItem+JhForm.m */ = {isa = PBXFileReference; fileEncoding = 4; lastKnownFileType = sourcecode.c.objc; path = "UIBarButtonItem+JhForm.m"; sourceTree = "<group>"; };
		ED88B01725809D39004502BF /* JhFormCellModel.m */ = {isa = PBXFileReference; fileEncoding = 4; lastKnownFileType = sourcecode.c.objc; path = JhFormCellModel.m; sourceTree = "<group>"; };
		ED88B01825809D39004502BF /* JhFormSectionModel.h */ = {isa = PBXFileReference; fileEncoding = 4; lastKnownFileType = sourcecode.c.h; path = JhFormSectionModel.h; sourceTree = "<group>"; };
		ED88B01925809D39004502BF /* JhFormCellModel.h */ = {isa = PBXFileReference; fileEncoding = 4; lastKnownFileType = sourcecode.c.h; path = JhFormCellModel.h; sourceTree = "<group>"; };
		ED88B01A25809D39004502BF /* JhFormSectionModel.m */ = {isa = PBXFileReference; fileEncoding = 4; lastKnownFileType = sourcecode.c.objc; path = JhFormSectionModel.m; sourceTree = "<group>"; };
		ED88B01C25809D39004502BF /* JhTextView.h */ = {isa = PBXFileReference; fileEncoding = 4; lastKnownFileType = sourcecode.c.h; path = JhTextView.h; sourceTree = "<group>"; };
		ED88B01D25809D39004502BF /* JhFormTableView.h */ = {isa = PBXFileReference; fileEncoding = 4; lastKnownFileType = sourcecode.c.h; path = JhFormTableView.h; sourceTree = "<group>"; };
		ED88B01E25809D39004502BF /* JhTextView.m */ = {isa = PBXFileReference; fileEncoding = 4; lastKnownFileType = sourcecode.c.objc; path = JhTextView.m; sourceTree = "<group>"; };
		ED88B01F25809D39004502BF /* JhFormTableView.m */ = {isa = PBXFileReference; fileEncoding = 4; lastKnownFileType = sourcecode.c.objc; path = JhFormTableView.m; sourceTree = "<group>"; };
		ED88B02125809D39004502BF /* JhFormBaseCell.h */ = {isa = PBXFileReference; fileEncoding = 4; lastKnownFileType = sourcecode.c.h; path = JhFormBaseCell.h; sourceTree = "<group>"; };
		ED88B02225809D39004502BF /* JhFormCustumRightCell.h */ = {isa = PBXFileReference; fileEncoding = 4; lastKnownFileType = sourcecode.c.h; path = JhFormCustumRightCell.h; sourceTree = "<group>"; };
		ED88B02325809D39004502BF /* JhFormTextViewInputCell.m */ = {isa = PBXFileReference; fileEncoding = 4; lastKnownFileType = sourcecode.c.objc; path = JhFormTextViewInputCell.m; sourceTree = "<group>"; };
		ED88B02425809D39004502BF /* JhFormSelectImageCell.h */ = {isa = PBXFileReference; fileEncoding = 4; lastKnownFileType = sourcecode.c.h; path = JhFormSelectImageCell.h; sourceTree = "<group>"; };
		ED88B02525809D39004502BF /* JhFormCustumBottomCell.h */ = {isa = PBXFileReference; fileEncoding = 4; lastKnownFileType = sourcecode.c.h; path = JhFormCustumBottomCell.h; sourceTree = "<group>"; };
		ED88B02625809D39004502BF /* JhFormSelectBtnCell.h */ = {isa = PBXFileReference; fileEncoding = 4; lastKnownFileType = sourcecode.c.h; path = JhFormSelectBtnCell.h; sourceTree = "<group>"; };
		ED88B02725809D39004502BF /* JhFormCenterTextCell.h */ = {isa = PBXFileReference; fileEncoding = 4; lastKnownFileType = sourcecode.c.h; path = JhFormCenterTextCell.h; sourceTree = "<group>"; };
		ED88B02825809D39004502BF /* JhFormSwitchBtnCell.m */ = {isa = PBXFileReference; fileEncoding = 4; lastKnownFileType = sourcecode.c.objc; path = JhFormSwitchBtnCell.m; sourceTree = "<group>"; };
		ED88B02925809D39004502BF /* JhFormInputCell.m */ = {isa = PBXFileReference; fileEncoding = 4; lastKnownFileType = sourcecode.c.objc; path = JhFormInputCell.m; sourceTree = "<group>"; };
		ED88B02A25809D39004502BF /* JhFormPwdCell.m */ = {isa = PBXFileReference; fileEncoding = 4; lastKnownFileType = sourcecode.c.objc; path = JhFormPwdCell.m; sourceTree = "<group>"; };
		ED88B02B25809D39004502BF /* JhFormCustumALLViewCell.m */ = {isa = PBXFileReference; fileEncoding = 4; lastKnownFileType = sourcecode.c.objc; path = JhFormCustumALLViewCell.m; sourceTree = "<group>"; };
		ED88B02C25809D39004502BF /* JhFormSelectCell.m */ = {isa = PBXFileReference; fileEncoding = 4; lastKnownFileType = sourcecode.c.objc; path = JhFormSelectCell.m; sourceTree = "<group>"; };
		ED88B02D25809D39004502BF /* JhFormTextViewInputCell.h */ = {isa = PBXFileReference; fileEncoding = 4; lastKnownFileType = sourcecode.c.h; path = JhFormTextViewInputCell.h; sourceTree = "<group>"; };
		ED88B02E25809D39004502BF /* JhFormCustumRightCell.m */ = {isa = PBXFileReference; fileEncoding = 4; lastKnownFileType = sourcecode.c.objc; path = JhFormCustumRightCell.m; sourceTree = "<group>"; };
		ED88B02F25809D39004502BF /* JhFormBaseCell.m */ = {isa = PBXFileReference; fileEncoding = 4; lastKnownFileType = sourcecode.c.objc; path = JhFormBaseCell.m; sourceTree = "<group>"; };
		ED88B03025809D39004502BF /* JhFormSelectImageCell.m */ = {isa = PBXFileReference; fileEncoding = 4; lastKnownFileType = sourcecode.c.objc; path = JhFormSelectImageCell.m; sourceTree = "<group>"; };
		ED88B03125809D39004502BF /* JhFormInputCell.h */ = {isa = PBXFileReference; fileEncoding = 4; lastKnownFileType = sourcecode.c.h; path = JhFormInputCell.h; sourceTree = "<group>"; };
		ED88B03225809D39004502BF /* JhFormSwitchBtnCell.h */ = {isa = PBXFileReference; fileEncoding = 4; lastKnownFileType = sourcecode.c.h; path = JhFormSwitchBtnCell.h; sourceTree = "<group>"; };
		ED88B03325809D39004502BF /* JhFormCenterTextCell.m */ = {isa = PBXFileReference; fileEncoding = 4; lastKnownFileType = sourcecode.c.objc; path = JhFormCenterTextCell.m; sourceTree = "<group>"; };
		ED88B03425809D39004502BF /* JhFormSelectBtnCell.m */ = {isa = PBXFileReference; fileEncoding = 4; lastKnownFileType = sourcecode.c.objc; path = JhFormSelectBtnCell.m; sourceTree = "<group>"; };
		ED88B03525809D39004502BF /* JhFormCustumBottomCell.m */ = {isa = PBXFileReference; fileEncoding = 4; lastKnownFileType = sourcecode.c.objc; path = JhFormCustumBottomCell.m; sourceTree = "<group>"; };
		ED88B03625809D39004502BF /* JhFormSelectCell.h */ = {isa = PBXFileReference; fileEncoding = 4; lastKnownFileType = sourcecode.c.h; path = JhFormSelectCell.h; sourceTree = "<group>"; };
		ED88B03725809D39004502BF /* JhFormCustumALLViewCell.h */ = {isa = PBXFileReference; fileEncoding = 4; lastKnownFileType = sourcecode.c.h; path = JhFormCustumALLViewCell.h; sourceTree = "<group>"; };
		ED88B03825809D39004502BF /* JhFormPwdCell.h */ = {isa = PBXFileReference; fileEncoding = 4; lastKnownFileType = sourcecode.c.h; path = JhFormPwdCell.h; sourceTree = "<group>"; };
		ED88B03925809D39004502BF /* JhForm.bundle */ = {isa = PBXFileReference; lastKnownFileType = "wrapper.plug-in"; path = JhForm.bundle; sourceTree = "<group>"; };
		ED88B03A25809D39004502BF /* JhFormProtocol.h */ = {isa = PBXFileReference; fileEncoding = 4; lastKnownFileType = sourcecode.c.h; path = JhFormProtocol.h; sourceTree = "<group>"; };
		ED88B03B25809D39004502BF /* JhFormTableViewVC.h */ = {isa = PBXFileReference; fileEncoding = 4; lastKnownFileType = sourcecode.c.h; path = JhFormTableViewVC.h; sourceTree = "<group>"; };
		ED88B03D25809D39004502BF /* JhFormConst.m */ = {isa = PBXFileReference; fileEncoding = 4; lastKnownFileType = sourcecode.c.objc; path = JhFormConst.m; sourceTree = "<group>"; };
		ED88B03E25809D39004502BF /* JhFormHandler.h */ = {isa = PBXFileReference; fileEncoding = 4; lastKnownFileType = sourcecode.c.h; path = JhFormHandler.h; sourceTree = "<group>"; };
		ED88B03F25809D39004502BF /* JhFormConst.h */ = {isa = PBXFileReference; fileEncoding = 4; lastKnownFileType = sourcecode.c.h; path = JhFormConst.h; sourceTree = "<group>"; };
		ED88B04025809D39004502BF /* JhFormHandler.m */ = {isa = PBXFileReference; fileEncoding = 4; lastKnownFileType = sourcecode.c.objc; path = JhFormHandler.m; sourceTree = "<group>"; };
		ED88B07C2580AE9D004502BF /* demo6.jpg */ = {isa = PBXFileReference; lastKnownFileType = image.jpeg; path = demo6.jpg; sourceTree = "<group>"; };
		ED88B07D2580AE9D004502BF /* demo7.jpg */ = {isa = PBXFileReference; lastKnownFileType = image.jpeg; path = demo7.jpg; sourceTree = "<group>"; };
		ED88B07E2580AE9D004502BF /* demo4.jpg */ = {isa = PBXFileReference; lastKnownFileType = image.jpeg; path = demo4.jpg; sourceTree = "<group>"; };
		ED88B07F2580AE9D004502BF /* demo1_dark.jpg */ = {isa = PBXFileReference; lastKnownFileType = image.jpeg; path = demo1_dark.jpg; sourceTree = "<group>"; };
		ED88B0802580AE9D004502BF /* demo3.jpg */ = {isa = PBXFileReference; lastKnownFileType = image.jpeg; path = demo3.jpg; sourceTree = "<group>"; };
		ED88B0812580AE9D004502BF /* demo5.gif */ = {isa = PBXFileReference; lastKnownFileType = image.gif; path = demo5.gif; sourceTree = "<group>"; };
		ED88B0822580AE9D004502BF /* demo10.jpg */ = {isa = PBXFileReference; lastKnownFileType = image.jpeg; path = demo10.jpg; sourceTree = "<group>"; };
		ED88B0832580AE9D004502BF /* demo1.gif */ = {isa = PBXFileReference; lastKnownFileType = image.gif; path = demo1.gif; sourceTree = "<group>"; };
		ED88B0842580AE9D004502BF /* demo2.gif */ = {isa = PBXFileReference; lastKnownFileType = image.gif; path = demo2.gif; sourceTree = "<group>"; };
		ED88B0852580AE9D004502BF /* demo9.jpg */ = {isa = PBXFileReference; lastKnownFileType = image.jpeg; path = demo9.jpg; sourceTree = "<group>"; };
		ED88B0862580AE9D004502BF /* demo8.jpg */ = {isa = PBXFileReference; lastKnownFileType = image.jpeg; path = demo8.jpg; sourceTree = "<group>"; };
/* End PBXFileReference section */

/* Begin PBXFrameworksBuildPhase section */
		E93D3F7721E58DD9003DC702 /* Frameworks */ = {
			isa = PBXFrameworksBuildPhase;
			buildActionMask = 2147483647;
			files = (
				CCA9EAB9A4A0D22642BE02BB /* libPods-JhForm.a in Frameworks */,
			);
			runOnlyForDeploymentPostprocessing = 0;
		};
		E93D3F8F21E58DDB003DC702 /* Frameworks */ = {
			isa = PBXFrameworksBuildPhase;
			buildActionMask = 2147483647;
			files = (
			);
			runOnlyForDeploymentPostprocessing = 0;
		};
		E93D3F9A21E58DDB003DC702 /* Frameworks */ = {
			isa = PBXFrameworksBuildPhase;
			buildActionMask = 2147483647;
			files = (
			);
			runOnlyForDeploymentPostprocessing = 0;
		};
/* End PBXFrameworksBuildPhase section */

/* Begin PBXGroup section */
		582876DB310CD764B0F0CF94 /* Pods */ = {
			isa = PBXGroup;
			children = (
				E33A79EC62337C1B8937A376 /* Pods-JhForm.debug.xcconfig */,
				5539308862BE5E6CF28DF968 /* Pods-JhForm.release.xcconfig */,
			);
			path = Pods;
			sourceTree = "<group>";
		};
		DBBB60DD5EEA81D24416D9AF /* Frameworks */ = {
			isa = PBXGroup;
			children = (
				84EF8F0358CFF25CFD6D5F27 /* libPods-JhForm.a */,
			);
			name = Frameworks;
			sourceTree = "<group>";
		};
		E93D3F7121E58DD9003DC702 = {
			isa = PBXGroup;
			children = (
				E93D3F7C21E58DD9003DC702 /* JhForm */,
				E93D3F9521E58DDB003DC702 /* JhFormTests */,
				E93D3FA021E58DDB003DC702 /* JhFormUITests */,
				E93D3F7B21E58DD9003DC702 /* Products */,
				582876DB310CD764B0F0CF94 /* Pods */,
				DBBB60DD5EEA81D24416D9AF /* Frameworks */,
			);
			sourceTree = "<group>";
		};
		E93D3F7B21E58DD9003DC702 /* Products */ = {
			isa = PBXGroup;
			children = (
				E93D3F7A21E58DD9003DC702 /* JhForm.app */,
				E93D3F9221E58DDB003DC702 /* JhFormTests.xctest */,
				E93D3F9D21E58DDB003DC702 /* JhFormUITests.xctest */,
			);
			name = Products;
			sourceTree = "<group>";
		};
		E93D3F7C21E58DD9003DC702 /* JhForm */ = {
			isa = PBXGroup;
			children = (
				ED88AF7025809C2A004502BF /* demo */,
				ED88B00925809D39004502BF /* JhForm */,
				ED88B1512580BF5F004502BF /* other */,
				ED88B07B2580AE9D004502BF /* screenshots */,
			);
			path = JhForm;
			sourceTree = "<group>";
		};
		E93D3F9521E58DDB003DC702 /* JhFormTests */ = {
			isa = PBXGroup;
			children = (
				E93D3F9621E58DDB003DC702 /* JhFormTests.m */,
				E93D3F9821E58DDB003DC702 /* Info.plist */,
			);
			path = JhFormTests;
			sourceTree = "<group>";
		};
		E93D3FA021E58DDB003DC702 /* JhFormUITests */ = {
			isa = PBXGroup;
			children = (
				E93D3FA121E58DDB003DC702 /* JhFormUITests.m */,
				E93D3FA321E58DDB003DC702 /* Info.plist */,
			);
			path = JhFormUITests;
			sourceTree = "<group>";
		};
		ED88AF7025809C2A004502BF /* demo */ = {
			isa = PBXGroup;
			children = (
				ED88AF7325809C2A004502BF /* demo10 */,
				ED88AF8925809C2A004502BF /* FormDemo1VC.h */,
				ED88AF7D25809C2A004502BF /* FormDemo1VC.m */,
				ED88AF8825809C2A004502BF /* FormDemo2VC.h */,
				ED88AF7E25809C2A004502BF /* FormDemo2VC.m */,
				ED88AF8725809C2A004502BF /* FormDemo3VC.h */,
				ED88AF7F25809C2A004502BF /* FormDemo3VC.m */,
				ED88AF8425809C2A004502BF /* FormDemo4VC.h */,
				ED88AF7B25809C2A004502BF /* FormDemo4VC.m */,
				ED88AF8325809C2A004502BF /* FormDemo5VC.h */,
				ED88AF7C25809C2A004502BF /* FormDemo5VC.m */,
				ED88AF8525809C2A004502BF /* FormDemo6VC.h */,
				ED88AF7225809C2A004502BF /* FormDemo6VC.m */,
				ED88AF8625809C2A004502BF /* FormDemo7VC.h */,
				ED88AF7125809C2A004502BF /* FormDemo7VC.m */,
				ED88AF8225809C2A004502BF /* FormDemo8VC.h */,
				ED88AF8A25809C2A004502BF /* FormDemo8VC.m */,
				ED88AF8125809C2A004502BF /* FormDemo9VC.h */,
				ED88AF9525809C2A004502BF /* FormDemo9VC.m */,
				ED88AF8B25809C2A004502BF /* headerfooter */,
				ED88AF9625809C2A004502BF /* ViewController.h */,
				ED88AF8025809C2A004502BF /* ViewController.m */,
			);
			path = demo;
			sourceTree = "<group>";
		};
		ED88AF7325809C2A004502BF /* demo10 */ = {
			isa = PBXGroup;
			children = (
				ED88AF7625809C2A004502BF /* CustumCell.h */,
				ED88AF7925809C2A004502BF /* CustumCell.m */,
				ED88AF7A25809C2A004502BF /* CustumCell.xib */,
				ED88AF7525809C2A004502BF /* CustumModel.h */,
				ED88AF7725809C2A004502BF /* CustumModel.m */,
				ED88AF7825809C2A004502BF /* FormDemo10VC.h */,
				ED88AF7425809C2A004502BF /* FormDemo10VC.m */,
			);
			path = demo10;
			sourceTree = "<group>";
		};
		ED88AF8B25809C2A004502BF /* headerfooter */ = {
			isa = PBXGroup;
			children = (
				ED88AF8C25809C2A004502BF /* FooterCell.h */,
				ED88AF8F25809C2A004502BF /* FooterCell.m */,
				ED88AF9125809C2A004502BF /* FooterCell.xib */,
				ED88AF8D25809C2A004502BF /* JhBaseHeaderView.h */,
				ED88AF9425809C2A004502BF /* JhBaseHeaderView.m */,
				ED88AF9025809C2A004502BF /* JhBaseHeaderView.xib */,
			);
			path = headerfooter;
			sourceTree = "<group>";
		};
		ED88B00925809D39004502BF /* JhForm */ = {
			isa = PBXGroup;
			children = (
				ED88B03925809D39004502BF /* JhForm.bundle */,
				ED88B00B25809D39004502BF /* JhFormCategory */,
				ED88B02025809D39004502BF /* JhFormCell */,
				ED88B01625809D39004502BF /* JhFormModel */,
				ED88B03A25809D39004502BF /* JhFormProtocol.h */,
				ED88B03B25809D39004502BF /* JhFormTableViewVC.h */,
				ED88B00A25809D39004502BF /* JhFormTableViewVC.m */,
				ED88B03C25809D39004502BF /* JhFormToolClass */,
				ED88B01B25809D39004502BF /* JhFormView */,
			);
			path = JhForm;
			sourceTree = "<group>";
		};
		ED88B00B25809D39004502BF /* JhFormCategory */ = {
			isa = PBXGroup;
			children = (
				ED88B01325809D39004502BF /* NSString+JhForm.h */,
				ED88B00D25809D39004502BF /* NSString+JhForm.m */,
				ED88B01025809D39004502BF /* UIBarButtonItem+JhForm.h */,
				ED88B01525809D39004502BF /* UIBarButtonItem+JhForm.m */,
				ED88B01125809D39004502BF /* UIColor+JhDarkColor.h */,
				ED88B00F25809D39004502BF /* UIColor+JhDarkColor.m */,
				ED88B00C25809D39004502BF /* UIImage+JhFormImage.h */,
				ED88B01425809D39004502BF /* UIImage+JhFormImage.m */,
				ED88B00E25809D39004502BF /* UIView+JhView.h */,
				ED88B01225809D39004502BF /* UIView+JhView.m */,
			);
			path = JhFormCategory;
			sourceTree = "<group>";
		};
		ED88B01625809D39004502BF /* JhFormModel */ = {
			isa = PBXGroup;
			children = (
				ED88B01925809D39004502BF /* JhFormCellModel.h */,
				ED88B01725809D39004502BF /* JhFormCellModel.m */,
				ED88B01825809D39004502BF /* JhFormSectionModel.h */,
				ED88B01A25809D39004502BF /* JhFormSectionModel.m */,
			);
			path = JhFormModel;
			sourceTree = "<group>";
		};
		ED88B01B25809D39004502BF /* JhFormView */ = {
			isa = PBXGroup;
			children = (
				ED88B01D25809D39004502BF /* JhFormTableView.h */,
				ED88B01F25809D39004502BF /* JhFormTableView.m */,
				ED88B01C25809D39004502BF /* JhTextView.h */,
				ED88B01E25809D39004502BF /* JhTextView.m */,
			);
			path = JhFormView;
			sourceTree = "<group>";
		};
		ED88B02025809D39004502BF /* JhFormCell */ = {
			isa = PBXGroup;
			children = (
				ED88B02125809D39004502BF /* JhFormBaseCell.h */,
				ED88B02F25809D39004502BF /* JhFormBaseCell.m */,
				ED88B02725809D39004502BF /* JhFormCenterTextCell.h */,
				ED88B03325809D39004502BF /* JhFormCenterTextCell.m */,
				ED88B03725809D39004502BF /* JhFormCustumALLViewCell.h */,
				ED88B02B25809D39004502BF /* JhFormCustumALLViewCell.m */,
				ED88B02525809D39004502BF /* JhFormCustumBottomCell.h */,
				ED88B03525809D39004502BF /* JhFormCustumBottomCell.m */,
				ED88B02225809D39004502BF /* JhFormCustumRightCell.h */,
				ED88B02E25809D39004502BF /* JhFormCustumRightCell.m */,
				ED88B03125809D39004502BF /* JhFormInputCell.h */,
				ED88B02925809D39004502BF /* JhFormInputCell.m */,
				ED88B03825809D39004502BF /* JhFormPwdCell.h */,
				ED88B02A25809D39004502BF /* JhFormPwdCell.m */,
				ED88B02625809D39004502BF /* JhFormSelectBtnCell.h */,
				ED88B03425809D39004502BF /* JhFormSelectBtnCell.m */,
				ED88B03625809D39004502BF /* JhFormSelectCell.h */,
				ED88B02C25809D39004502BF /* JhFormSelectCell.m */,
				ED88B02425809D39004502BF /* JhFormSelectImageCell.h */,
				ED88B03025809D39004502BF /* JhFormSelectImageCell.m */,
				ED88B03225809D39004502BF /* JhFormSwitchBtnCell.h */,
				ED88B02825809D39004502BF /* JhFormSwitchBtnCell.m */,
				ED88B02D25809D39004502BF /* JhFormTextViewInputCell.h */,
				ED88B02325809D39004502BF /* JhFormTextViewInputCell.m */,
			);
			path = JhFormCell;
			sourceTree = "<group>";
		};
		ED88B03C25809D39004502BF /* JhFormToolClass */ = {
			isa = PBXGroup;
			children = (
				ED88B03F25809D39004502BF /* JhFormConst.h */,
				ED88B03D25809D39004502BF /* JhFormConst.m */,
				ED88B03E25809D39004502BF /* JhFormHandler.h */,
				ED88B04025809D39004502BF /* JhFormHandler.m */,
			);
			path = JhFormToolClass;
			sourceTree = "<group>";
		};
		ED88B07B2580AE9D004502BF /* screenshots */ = {
			isa = PBXGroup;
			children = (
				ED88B07F2580AE9D004502BF /* demo1_dark.jpg */,
				ED88B0832580AE9D004502BF /* demo1.gif */,
				ED88B0842580AE9D004502BF /* demo2.gif */,
				ED88B0802580AE9D004502BF /* demo3.jpg */,
				ED88B07E2580AE9D004502BF /* demo4.jpg */,
				ED88B0812580AE9D004502BF /* demo5.gif */,
				ED88B07C2580AE9D004502BF /* demo6.jpg */,
				ED88B07D2580AE9D004502BF /* demo7.jpg */,
				ED88B0862580AE9D004502BF /* demo8.jpg */,
				ED88B0852580AE9D004502BF /* demo9.jpg */,
				ED88B0822580AE9D004502BF /* demo10.jpg */,
			);
			path = screenshots;
			sourceTree = "<group>";
		};
		ED88B1512580BF5F004502BF /* other */ = {
			isa = PBXGroup;
			children = (
				E93D3F7D21E58DD9003DC702 /* AppDelegate.h */,
				E93D3F7E21E58DD9003DC702 /* AppDelegate.m */,
				E93D3F8621E58DDB003DC702 /* Assets.xcassets */,
				E93D3F8B21E58DDB003DC702 /* Info.plist */,
				E93D3F8821E58DDB003DC702 /* LaunchScreen.storyboard */,
				E93D3F8C21E58DDB003DC702 /* main.m */,
				E93D3F8321E58DD9003DC702 /* Main.storyboard */,
			);
			path = other;
			sourceTree = "<group>";
		};
/* End PBXGroup section */

/* Begin PBXNativeTarget section */
		E93D3F7921E58DD9003DC702 /* JhForm */ = {
			isa = PBXNativeTarget;
			buildConfigurationList = E93D3FA621E58DDB003DC702 /* Build configuration list for PBXNativeTarget "JhForm" */;
			buildPhases = (
				2AAEB6CE59D0A4B5BBF6E5A5 /* [CP] Check Pods Manifest.lock */,
				E93D3F7621E58DD9003DC702 /* Sources */,
				E93D3F7721E58DD9003DC702 /* Frameworks */,
				E93D3F7821E58DD9003DC702 /* Resources */,
				D632FA495215067CC57E1FE6 /* [CP] Copy Pods Resources */,
			);
			buildRules = (
			);
			dependencies = (
			);
			name = JhForm;
			productName = JhForm;
			productReference = E93D3F7A21E58DD9003DC702 /* JhForm.app */;
			productType = "com.apple.product-type.application";
		};
		E93D3F9121E58DDB003DC702 /* JhFormTests */ = {
			isa = PBXNativeTarget;
			buildConfigurationList = E93D3FA921E58DDB003DC702 /* Build configuration list for PBXNativeTarget "JhFormTests" */;
			buildPhases = (
				E93D3F8E21E58DDB003DC702 /* Sources */,
				E93D3F8F21E58DDB003DC702 /* Frameworks */,
				E93D3F9021E58DDB003DC702 /* Resources */,
			);
			buildRules = (
			);
			dependencies = (
				E93D3F9421E58DDB003DC702 /* PBXTargetDependency */,
			);
			name = JhFormTests;
			productName = JhFormTests;
			productReference = E93D3F9221E58DDB003DC702 /* JhFormTests.xctest */;
			productType = "com.apple.product-type.bundle.unit-test";
		};
		E93D3F9C21E58DDB003DC702 /* JhFormUITests */ = {
			isa = PBXNativeTarget;
			buildConfigurationList = E93D3FAC21E58DDB003DC702 /* Build configuration list for PBXNativeTarget "JhFormUITests" */;
			buildPhases = (
				E93D3F9921E58DDB003DC702 /* Sources */,
				E93D3F9A21E58DDB003DC702 /* Frameworks */,
				E93D3F9B21E58DDB003DC702 /* Resources */,
			);
			buildRules = (
			);
			dependencies = (
				E93D3F9F21E58DDB003DC702 /* PBXTargetDependency */,
			);
			name = JhFormUITests;
			productName = JhFormUITests;
			productReference = E93D3F9D21E58DDB003DC702 /* JhFormUITests.xctest */;
			productType = "com.apple.product-type.bundle.ui-testing";
		};
/* End PBXNativeTarget section */

/* Begin PBXProject section */
		E93D3F7221E58DD9003DC702 /* Project object */ = {
			isa = PBXProject;
			attributes = {
				LastUpgradeCheck = 1010;
				ORGANIZATIONNAME = Jh;
				TargetAttributes = {
					E93D3F7921E58DD9003DC702 = {
						CreatedOnToolsVersion = 10.1;
					};
					E93D3F9121E58DDB003DC702 = {
						CreatedOnToolsVersion = 10.1;
						TestTargetID = E93D3F7921E58DD9003DC702;
					};
					E93D3F9C21E58DDB003DC702 = {
						CreatedOnToolsVersion = 10.1;
						TestTargetID = E93D3F7921E58DD9003DC702;
					};
				};
			};
			buildConfigurationList = E93D3F7521E58DD9003DC702 /* Build configuration list for PBXProject "JhForm" */;
			compatibilityVersion = "Xcode 9.3";
			developmentRegion = en;
			hasScannedForEncodings = 0;
			knownRegions = (
				en,
				Base,
			);
			mainGroup = E93D3F7121E58DD9003DC702;
			productRefGroup = E93D3F7B21E58DD9003DC702 /* Products */;
			projectDirPath = "";
			projectRoot = "";
			targets = (
				E93D3F7921E58DD9003DC702 /* JhForm */,
				E93D3F9121E58DDB003DC702 /* JhFormTests */,
				E93D3F9C21E58DDB003DC702 /* JhFormUITests */,
			);
		};
/* End PBXProject section */

/* Begin PBXResourcesBuildPhase section */
		E93D3F7821E58DD9003DC702 /* Resources */ = {
			isa = PBXResourcesBuildPhase;
			buildActionMask = 2147483647;
			files = (
				ED88AFDD25809C2A004502BF /* JhBaseHeaderView.xib in Resources */,
				E93D3F8A21E58DDB003DC702 /* LaunchScreen.storyboard in Resources */,
				E93D3F8721E58DDB003DC702 /* Assets.xcassets in Resources */,
				ED88B08C2580AE9D004502BF /* demo5.gif in Resources */,
				ED88B08F2580AE9D004502BF /* demo2.gif in Resources */,
				ED88B0892580AE9D004502BF /* demo4.jpg in Resources */,
				ED88B08B2580AE9D004502BF /* demo3.jpg in Resources */,
				ED88B0912580AE9D004502BF /* demo8.jpg in Resources */,
				ED88B0902580AE9D004502BF /* demo9.jpg in Resources */,
				ED88B0872580AE9D004502BF /* demo6.jpg in Resources */,
				ED88B05725809D3A004502BF /* JhForm.bundle in Resources */,
				E93D3F8521E58DD9003DC702 /* Main.storyboard in Resources */,
				ED88AFDE25809C2A004502BF /* FooterCell.xib in Resources */,
				ED88B08A2580AE9D004502BF /* demo1_dark.jpg in Resources */,
				ED88B08D2580AE9D004502BF /* demo10.jpg in Resources */,
				ED88B0882580AE9D004502BF /* demo7.jpg in Resources */,
				ED88B08E2580AE9D004502BF /* demo1.gif in Resources */,
				ED88AFD425809C2A004502BF /* CustumCell.xib in Resources */,
			);
			runOnlyForDeploymentPostprocessing = 0;
		};
		E93D3F9021E58DDB003DC702 /* Resources */ = {
			isa = PBXResourcesBuildPhase;
			buildActionMask = 2147483647;
			files = (
			);
			runOnlyForDeploymentPostprocessing = 0;
		};
		E93D3F9B21E58DDB003DC702 /* Resources */ = {
			isa = PBXResourcesBuildPhase;
			buildActionMask = 2147483647;
			files = (
			);
			runOnlyForDeploymentPostprocessing = 0;
		};
/* End PBXResourcesBuildPhase section */

/* Begin PBXShellScriptBuildPhase section */
		2AAEB6CE59D0A4B5BBF6E5A5 /* [CP] Check Pods Manifest.lock */ = {
			isa = PBXShellScriptBuildPhase;
			buildActionMask = 2147483647;
			files = (
			);
			inputFileListPaths = (
			);
			inputPaths = (
				"${PODS_PODFILE_DIR_PATH}/Podfile.lock",
				"${PODS_ROOT}/Manifest.lock",
			);
			name = "[CP] Check Pods Manifest.lock";
			outputFileListPaths = (
			);
			outputPaths = (
				"$(DERIVED_FILE_DIR)/Pods-JhForm-checkManifestLockResult.txt",
			);
			runOnlyForDeploymentPostprocessing = 0;
			shellPath = /bin/sh;
			shellScript = "diff \"${PODS_PODFILE_DIR_PATH}/Podfile.lock\" \"${PODS_ROOT}/Manifest.lock\" > /dev/null\nif [ $? != 0 ] ; then\n    # print error to STDERR\n    echo \"error: The sandbox is not in sync with the Podfile.lock. Run 'pod install' or update your CocoaPods installation.\" >&2\n    exit 1\nfi\n# This output is used by Xcode 'outputs' to avoid re-running this script phase.\necho \"SUCCESS\" > \"${SCRIPT_OUTPUT_FILE_0}\"\n";
			showEnvVarsInLog = 0;
		};
		D632FA495215067CC57E1FE6 /* [CP] Copy Pods Resources */ = {
			isa = PBXShellScriptBuildPhase;
			buildActionMask = 2147483647;
			files = (
			);
			inputFileListPaths = (
				"${PODS_ROOT}/Target Support Files/Pods-JhForm/Pods-JhForm-resources-${CONFIGURATION}-input-files.xcfilelist",
			);
			name = "[CP] Copy Pods Resources";
			outputFileListPaths = (
				"${PODS_ROOT}/Target Support Files/Pods-JhForm/Pods-JhForm-resources-${CONFIGURATION}-output-files.xcfilelist",
			);
			runOnlyForDeploymentPostprocessing = 0;
			shellPath = /bin/sh;
			shellScript = "\"${PODS_ROOT}/Target Support Files/Pods-JhForm/Pods-JhForm-resources.sh\"\n";
			showEnvVarsInLog = 0;
		};
/* End PBXShellScriptBuildPhase section */

/* Begin PBXSourcesBuildPhase section */
		E93D3F7621E58DD9003DC702 /* Sources */ = {
			isa = PBXSourcesBuildPhase;
			buildActionMask = 2147483647;
			files = (
				ED88AFD625809C2A004502BF /* FormDemo5VC.m in Sources */,
				ED88B04125809D39004502BF /* JhFormTableViewVC.m in Sources */,
				ED88AFD225809C2A004502BF /* CustumModel.m in Sources */,
				ED88AFE225809C2A004502BF /* FormDemo9VC.m in Sources */,
				ED88B04725809D39004502BF /* JhFormCellModel.m in Sources */,
				ED88B04525809D39004502BF /* UIImage+JhFormImage.m in Sources */,
				ED88B04325809D39004502BF /* UIColor+JhDarkColor.m in Sources */,
				ED88AFD825809C2A004502BF /* FormDemo2VC.m in Sources */,
				ED88B05025809D3A004502BF /* JhFormSelectCell.m in Sources */,
				ED88B04A25809D39004502BF /* JhFormTableView.m in Sources */,
				ED88B04825809D39004502BF /* JhFormSectionModel.m in Sources */,
				ED88AFD025809C2A004502BF /* FormDemo6VC.m in Sources */,
				ED88AFCF25809C2A004502BF /* FormDemo7VC.m in Sources */,
				ED88B04D25809D39004502BF /* JhFormInputCell.m in Sources */,
				ED88B04625809D39004502BF /* UIBarButtonItem+JhForm.m in Sources */,
				ED88AFD325809C2A004502BF /* CustumCell.m in Sources */,
				ED88AFDB25809C2A004502BF /* FormDemo8VC.m in Sources */,
				ED88B05925809D3A004502BF /* JhFormHandler.m in Sources */,
				ED88B04925809D39004502BF /* JhTextView.m in Sources */,
				ED88AFDA25809C2A004502BF /* ViewController.m in Sources */,
				ED88B04C25809D39004502BF /* JhFormSwitchBtnCell.m in Sources */,
				ED88B04F25809D3A004502BF /* JhFormCustumALLViewCell.m in Sources */,
				ED88B04B25809D39004502BF /* JhFormTextViewInputCell.m in Sources */,
				ED88B05125809D3A004502BF /* JhFormCustumRightCell.m in Sources */,
				ED88B05325809D3A004502BF /* JhFormSelectImageCell.m in Sources */,
				ED88B05225809D3A004502BF /* JhFormBaseCell.m in Sources */,
				E93D3F8D21E58DDB003DC702 /* main.m in Sources */,
				ED88B05525809D3A004502BF /* JhFormSelectBtnCell.m in Sources */,
				ED88B04425809D39004502BF /* UIView+JhView.m in Sources */,
				ED88AFDC25809C2A004502BF /* FooterCell.m in Sources */,
				ED88B04225809D39004502BF /* NSString+JhForm.m in Sources */,
				ED88B05625809D3A004502BF /* JhFormCustumBottomCell.m in Sources */,
				E93D3F7F21E58DD9003DC702 /* AppDelegate.m in Sources */,
				ED88AFD725809C2A004502BF /* FormDemo1VC.m in Sources */,
				ED88B04E25809D39004502BF /* JhFormPwdCell.m in Sources */,
				ED88B05425809D3A004502BF /* JhFormCenterTextCell.m in Sources */,
				ED88AFD925809C2A004502BF /* FormDemo3VC.m in Sources */,
				ED88B05825809D3A004502BF /* JhFormConst.m in Sources */,
				ED88AFD525809C2A004502BF /* FormDemo4VC.m in Sources */,
				ED88AFE125809C2A004502BF /* JhBaseHeaderView.m in Sources */,
				ED88AFD125809C2A004502BF /* FormDemo10VC.m in Sources */,
			);
			runOnlyForDeploymentPostprocessing = 0;
		};
		E93D3F8E21E58DDB003DC702 /* Sources */ = {
			isa = PBXSourcesBuildPhase;
			buildActionMask = 2147483647;
			files = (
				E93D3F9721E58DDB003DC702 /* JhFormTests.m in Sources */,
			);
			runOnlyForDeploymentPostprocessing = 0;
		};
		E93D3F9921E58DDB003DC702 /* Sources */ = {
			isa = PBXSourcesBuildPhase;
			buildActionMask = 2147483647;
			files = (
				E93D3FA221E58DDB003DC702 /* JhFormUITests.m in Sources */,
			);
			runOnlyForDeploymentPostprocessing = 0;
		};
/* End PBXSourcesBuildPhase section */

/* Begin PBXTargetDependency section */
		E93D3F9421E58DDB003DC702 /* PBXTargetDependency */ = {
			isa = PBXTargetDependency;
			target = E93D3F7921E58DD9003DC702 /* JhForm */;
			targetProxy = E93D3F9321E58DDB003DC702 /* PBXContainerItemProxy */;
		};
		E93D3F9F21E58DDB003DC702 /* PBXTargetDependency */ = {
			isa = PBXTargetDependency;
			target = E93D3F7921E58DD9003DC702 /* JhForm */;
			targetProxy = E93D3F9E21E58DDB003DC702 /* PBXContainerItemProxy */;
		};
/* End PBXTargetDependency section */

/* Begin PBXVariantGroup section */
		E93D3F8321E58DD9003DC702 /* Main.storyboard */ = {
			isa = PBXVariantGroup;
			children = (
				E93D3F8421E58DD9003DC702 /* Base */,
			);
			name = Main.storyboard;
			sourceTree = "<group>";
		};
		E93D3F8821E58DDB003DC702 /* LaunchScreen.storyboard */ = {
			isa = PBXVariantGroup;
			children = (
				E93D3F8921E58DDB003DC702 /* Base */,
			);
			name = LaunchScreen.storyboard;
			sourceTree = "<group>";
		};
/* End PBXVariantGroup section */

/* Begin XCBuildConfiguration section */
		E93D3FA421E58DDB003DC702 /* Debug */ = {
			isa = XCBuildConfiguration;
			buildSettings = {
				ALWAYS_SEARCH_USER_PATHS = NO;
				CLANG_ANALYZER_NONNULL = YES;
				CLANG_ANALYZER_NUMBER_OBJECT_CONVERSION = YES_AGGRESSIVE;
				CLANG_CXX_LANGUAGE_STANDARD = "gnu++14";
				CLANG_CXX_LIBRARY = "libc++";
				CLANG_ENABLE_MODULES = YES;
				CLANG_ENABLE_OBJC_ARC = YES;
				CLANG_ENABLE_OBJC_WEAK = YES;
				CLANG_WARN_BLOCK_CAPTURE_AUTORELEASING = YES;
				CLANG_WARN_BOOL_CONVERSION = YES;
				CLANG_WARN_COMMA = YES;
				CLANG_WARN_CONSTANT_CONVERSION = YES;
				CLANG_WARN_DEPRECATED_OBJC_IMPLEMENTATIONS = YES;
				CLANG_WARN_DIRECT_OBJC_ISA_USAGE = YES_ERROR;
				CLANG_WARN_DOCUMENTATION_COMMENTS = YES;
				CLANG_WARN_EMPTY_BODY = YES;
				CLANG_WARN_ENUM_CONVERSION = YES;
				CLANG_WARN_INFINITE_RECURSION = YES;
				CLANG_WARN_INT_CONVERSION = YES;
				CLANG_WARN_NON_LITERAL_NULL_CONVERSION = YES;
				CLANG_WARN_OBJC_IMPLICIT_RETAIN_SELF = YES;
				CLANG_WARN_OBJC_LITERAL_CONVERSION = YES;
				CLANG_WARN_OBJC_ROOT_CLASS = YES_ERROR;
				CLANG_WARN_RANGE_LOOP_ANALYSIS = YES;
				CLANG_WARN_STRICT_PROTOTYPES = YES;
				CLANG_WARN_SUSPICIOUS_MOVE = YES;
				CLANG_WARN_UNGUARDED_AVAILABILITY = YES_AGGRESSIVE;
				CLANG_WARN_UNREACHABLE_CODE = YES;
				CLANG_WARN__DUPLICATE_METHOD_MATCH = YES;
				CODE_SIGN_IDENTITY = "iPhone Developer";
				COPY_PHASE_STRIP = NO;
				DEBUG_INFORMATION_FORMAT = dwarf;
				ENABLE_STRICT_OBJC_MSGSEND = YES;
				ENABLE_TESTABILITY = YES;
				GCC_C_LANGUAGE_STANDARD = gnu11;
				GCC_DYNAMIC_NO_PIC = NO;
				GCC_NO_COMMON_BLOCKS = YES;
				GCC_OPTIMIZATION_LEVEL = 0;
				GCC_PREPROCESSOR_DEFINITIONS = (
					"DEBUG=1",
					"$(inherited)",
				);
				GCC_WARN_64_TO_32_BIT_CONVERSION = YES;
				GCC_WARN_ABOUT_RETURN_TYPE = YES_ERROR;
				GCC_WARN_UNDECLARED_SELECTOR = YES;
				GCC_WARN_UNINITIALIZED_AUTOS = YES_AGGRESSIVE;
				GCC_WARN_UNUSED_FUNCTION = YES;
				GCC_WARN_UNUSED_VARIABLE = YES;
				IPHONEOS_DEPLOYMENT_TARGET = 12.1;
				MTL_ENABLE_DEBUG_INFO = INCLUDE_SOURCE;
				MTL_FAST_MATH = YES;
				ONLY_ACTIVE_ARCH = YES;
				SDKROOT = iphoneos;
			};
			name = Debug;
		};
		E93D3FA521E58DDB003DC702 /* Release */ = {
			isa = XCBuildConfiguration;
			buildSettings = {
				ALWAYS_SEARCH_USER_PATHS = NO;
				CLANG_ANALYZER_NONNULL = YES;
				CLANG_ANALYZER_NUMBER_OBJECT_CONVERSION = YES_AGGRESSIVE;
				CLANG_CXX_LANGUAGE_STANDARD = "gnu++14";
				CLANG_CXX_LIBRARY = "libc++";
				CLANG_ENABLE_MODULES = YES;
				CLANG_ENABLE_OBJC_ARC = YES;
				CLANG_ENABLE_OBJC_WEAK = YES;
				CLANG_WARN_BLOCK_CAPTURE_AUTORELEASING = YES;
				CLANG_WARN_BOOL_CONVERSION = YES;
				CLANG_WARN_COMMA = YES;
				CLANG_WARN_CONSTANT_CONVERSION = YES;
				CLANG_WARN_DEPRECATED_OBJC_IMPLEMENTATIONS = YES;
				CLANG_WARN_DIRECT_OBJC_ISA_USAGE = YES_ERROR;
				CLANG_WARN_DOCUMENTATION_COMMENTS = YES;
				CLANG_WARN_EMPTY_BODY = YES;
				CLANG_WARN_ENUM_CONVERSION = YES;
				CLANG_WARN_INFINITE_RECURSION = YES;
				CLANG_WARN_INT_CONVERSION = YES;
				CLANG_WARN_NON_LITERAL_NULL_CONVERSION = YES;
				CLANG_WARN_OBJC_IMPLICIT_RETAIN_SELF = YES;
				CLANG_WARN_OBJC_LITERAL_CONVERSION = YES;
				CLANG_WARN_OBJC_ROOT_CLASS = YES_ERROR;
				CLANG_WARN_RANGE_LOOP_ANALYSIS = YES;
				CLANG_WARN_STRICT_PROTOTYPES = YES;
				CLANG_WARN_SUSPICIOUS_MOVE = YES;
				CLANG_WARN_UNGUARDED_AVAILABILITY = YES_AGGRESSIVE;
				CLANG_WARN_UNREACHABLE_CODE = YES;
				CLANG_WARN__DUPLICATE_METHOD_MATCH = YES;
				CODE_SIGN_IDENTITY = "iPhone Developer";
				COPY_PHASE_STRIP = NO;
				DEBUG_INFORMATION_FORMAT = "dwarf-with-dsym";
				ENABLE_NS_ASSERTIONS = NO;
				ENABLE_STRICT_OBJC_MSGSEND = YES;
				GCC_C_LANGUAGE_STANDARD = gnu11;
				GCC_NO_COMMON_BLOCKS = YES;
				GCC_WARN_64_TO_32_BIT_CONVERSION = YES;
				GCC_WARN_ABOUT_RETURN_TYPE = YES_ERROR;
				GCC_WARN_UNDECLARED_SELECTOR = YES;
				GCC_WARN_UNINITIALIZED_AUTOS = YES_AGGRESSIVE;
				GCC_WARN_UNUSED_FUNCTION = YES;
				GCC_WARN_UNUSED_VARIABLE = YES;
				IPHONEOS_DEPLOYMENT_TARGET = 12.1;
				MTL_ENABLE_DEBUG_INFO = NO;
				MTL_FAST_MATH = YES;
				SDKROOT = iphoneos;
				VALIDATE_PRODUCT = YES;
			};
			name = Release;
		};
		E93D3FA721E58DDB003DC702 /* Debug */ = {
			isa = XCBuildConfiguration;
			baseConfigurationReference = E33A79EC62337C1B8937A376 /* Pods-JhForm.debug.xcconfig */;
			buildSettings = {
				ASSETCATALOG_COMPILER_APPICON_NAME = AppIcon;
				CODE_SIGN_STYLE = Automatic;
				DEVELOPMENT_TEAM = A28X2T458G;
				INFOPLIST_FILE = JhForm/other/Info.plist;
				IPHONEOS_DEPLOYMENT_TARGET = 9.0;
				LD_RUNPATH_SEARCH_PATHS = (
					"$(inherited)",
					"@executable_path/Frameworks",
				);
				MARKETING_VERSION = 2.0.0;
				PRODUCT_BUNDLE_IDENTIFIER = com.Jh.JhForm;
				PRODUCT_NAME = "$(TARGET_NAME)";
				TARGETED_DEVICE_FAMILY = "1,2";
			};
			name = Debug;
		};
		E93D3FA821E58DDB003DC702 /* Release */ = {
			isa = XCBuildConfiguration;
			baseConfigurationReference = 5539308862BE5E6CF28DF968 /* Pods-JhForm.release.xcconfig */;
			buildSettings = {
				ASSETCATALOG_COMPILER_APPICON_NAME = AppIcon;
				CODE_SIGN_STYLE = Automatic;
				DEVELOPMENT_TEAM = A28X2T458G;
				INFOPLIST_FILE = JhForm/other/Info.plist;
				IPHONEOS_DEPLOYMENT_TARGET = 9.0;
				LD_RUNPATH_SEARCH_PATHS = (
					"$(inherited)",
					"@executable_path/Frameworks",
				);
				MARKETING_VERSION = 2.0.0;
				PRODUCT_BUNDLE_IDENTIFIER = com.Jh.JhForm;
				PRODUCT_NAME = "$(TARGET_NAME)";
				TARGETED_DEVICE_FAMILY = "1,2";
			};
			name = Release;
		};
		E93D3FAA21E58DDB003DC702 /* Debug */ = {
			isa = XCBuildConfiguration;
			buildSettings = {
				BUNDLE_LOADER = "$(TEST_HOST)";
				CODE_SIGN_STYLE = Automatic;
				DEVELOPMENT_TEAM = 8ZH8KFMR9N;
				INFOPLIST_FILE = JhFormTests/Info.plist;
				LD_RUNPATH_SEARCH_PATHS = (
					"$(inherited)",
					"@executable_path/Frameworks",
					"@loader_path/Frameworks",
				);
				PRODUCT_BUNDLE_IDENTIFIER = com.bjdsst.JhFormTests;
				PRODUCT_NAME = "$(TARGET_NAME)";
				TARGETED_DEVICE_FAMILY = "1,2";
				TEST_HOST = "$(BUILT_PRODUCTS_DIR)/JhForm.app/JhForm";
			};
			name = Debug;
		};
		E93D3FAB21E58DDB003DC702 /* Release */ = {
			isa = XCBuildConfiguration;
			buildSettings = {
				BUNDLE_LOADER = "$(TEST_HOST)";
				CODE_SIGN_STYLE = Automatic;
				DEVELOPMENT_TEAM = 8ZH8KFMR9N;
				INFOPLIST_FILE = JhFormTests/Info.plist;
				LD_RUNPATH_SEARCH_PATHS = (
					"$(inherited)",
					"@executable_path/Frameworks",
					"@loader_path/Frameworks",
				);
				PRODUCT_BUNDLE_IDENTIFIER = com.bjdsst.JhFormTests;
				PRODUCT_NAME = "$(TARGET_NAME)";
				TARGETED_DEVICE_FAMILY = "1,2";
				TEST_HOST = "$(BUILT_PRODUCTS_DIR)/JhForm.app/JhForm";
			};
			name = Release;
		};
		E93D3FAD21E58DDB003DC702 /* Debug */ = {
			isa = XCBuildConfiguration;
			buildSettings = {
				CODE_SIGN_STYLE = Automatic;
				DEVELOPMENT_TEAM = 8ZH8KFMR9N;
				INFOPLIST_FILE = JhFormUITests/Info.plist;
				LD_RUNPATH_SEARCH_PATHS = (
					"$(inherited)",
					"@executable_path/Frameworks",
					"@loader_path/Frameworks",
				);
				PRODUCT_BUNDLE_IDENTIFIER = com.bjdsst.JhFormUITests;
				PRODUCT_NAME = "$(TARGET_NAME)";
				TARGETED_DEVICE_FAMILY = "1,2";
				TEST_TARGET_NAME = JhForm;
			};
			name = Debug;
		};
		E93D3FAE21E58DDB003DC702 /* Release */ = {
			isa = XCBuildConfiguration;
			buildSettings = {
				CODE_SIGN_STYLE = Automatic;
				DEVELOPMENT_TEAM = 8ZH8KFMR9N;
				INFOPLIST_FILE = JhFormUITests/Info.plist;
				LD_RUNPATH_SEARCH_PATHS = (
					"$(inherited)",
					"@executable_path/Frameworks",
					"@loader_path/Frameworks",
				);
				PRODUCT_BUNDLE_IDENTIFIER = com.bjdsst.JhFormUITests;
				PRODUCT_NAME = "$(TARGET_NAME)";
				TARGETED_DEVICE_FAMILY = "1,2";
				TEST_TARGET_NAME = JhForm;
			};
			name = Release;
		};
/* End XCBuildConfiguration section */

/* Begin XCConfigurationList section */
		E93D3F7521E58DD9003DC702 /* Build configuration list for PBXProject "JhForm" */ = {
			isa = XCConfigurationList;
			buildConfigurations = (
				E93D3FA421E58DDB003DC702 /* Debug */,
				E93D3FA521E58DDB003DC702 /* Release */,
			);
			defaultConfigurationIsVisible = 0;
			defaultConfigurationName = Release;
		};
		E93D3FA621E58DDB003DC702 /* Build configuration list for PBXNativeTarget "JhForm" */ = {
			isa = XCConfigurationList;
			buildConfigurations = (
				E93D3FA721E58DDB003DC702 /* Debug */,
				E93D3FA821E58DDB003DC702 /* Release */,
			);
			defaultConfigurationIsVisible = 0;
			defaultConfigurationName = Release;
		};
		E93D3FA921E58DDB003DC702 /* Build configuration list for PBXNativeTarget "JhFormTests" */ = {
			isa = XCConfigurationList;
			buildConfigurations = (
				E93D3FAA21E58DDB003DC702 /* Debug */,
				E93D3FAB21E58DDB003DC702 /* Release */,
			);
			defaultConfigurationIsVisible = 0;
			defaultConfigurationName = Release;
		};
		E93D3FAC21E58DDB003DC702 /* Build configuration list for PBXNativeTarget "JhFormUITests" */ = {
			isa = XCConfigurationList;
			buildConfigurations = (
				E93D3FAD21E58DDB003DC702 /* Debug */,
				E93D3FAE21E58DDB003DC702 /* Release */,
			);
			defaultConfigurationIsVisible = 0;
			defaultConfigurationName = Release;
		};
/* End XCConfigurationList section */
	};
	rootObject = E93D3F7221E58DD9003DC702 /* Project object */;
}
